
Microsoft Visual Studio Solution File, Format Version 12.00
# Visual Studio Version 17
VisualStudioVersion = 17.8.34601.278
MinimumVisualStudioVersion = 10.0.40219.1
Project("{FAE04EC0-301F-11D3-BF4B-00C04F79EFBC}") = "Eq2Grau", "Eq2Grau\Eq2Grau.csproj", "{4D5CD17B-2EED-4ED0-83B5-5D5E42A74103}"
EndProject
Global
	GlobalSection(SolutionConfigurationPlatforms) = preSolution
		Debug|Any CPU = Debug|Any CPU
		Release|Any CPU = Release|Any CPU
	EndGlobalSection
	GlobalSection(ProjectConfigurationPlatforms) = postSolution
		{4D5CD17B-2EED-4ED0-83B5-5D5E42A74103}.Debug|Any CPU.ActiveCfg = Debug|Any CPU
		{4D5CD17B-2EED-4ED0-83B5-5D5E42A74103}.Debug|Any CPU.Build.0 = Debug|Any CPU
		{4D5CD17B-2EED-4ED0-83B5-5D5E42A74103}.Release|Any CPU.ActiveCfg = Release|Any CPU
		{4D5CD17B-2EED-4ED0-83B5-5D5E42A74103}.Release|Any CPU.Build.0 = Release|Any CPU
	EndGlobalSection
	GlobalSection(SolutionProperties) = preSolution
		HideSolutionNode = FALSE
	EndGlobalSection
	GlobalSection(ExtensibilityGlobals) = postSolution
		SolutionGuid = {14B8EC0C-F800-49F9-A072-39D7FDB4570C}
	EndGlobalSection
EndGlobal
